{
  "name": "webcointea",
  "lockfileVersion": 3,
  "requires": true,
  "packages": {
    "": {
      "dependencies": {
        "webloogon": "^1.0.0"
      }
    },
    "node_modules/aeonteacoin": {
      "version": "1.0.0",
      "resolved": "https://registry.npmjs.org/aeonteacoin/-/aeonteacoin-1.0.0.tgz",
      "integrity": "sha512-tj6CTWceeHzEpUfpqKX7x6c5iu6MOGTUyDmyOZxEFb4k6HueT9WzBR9NuQtfBV5O+avTUxCUOuVtT/2qRdT2BA==",
      "dependencies": {
        "amaethcion": "^1.0.0"
      }
    },
    "node_modules/amaethcion": {
      "version": "1.0.0",
      "resolved": "https://registry.npmjs.org/amaethcion/-/amaethcion-1.0.0.tgz",
      "integrity": "sha512-rt3EjvbU1kPVkz0S209/TWfOz6PXWOVHncOn7dsez87T8ZiwGsSEyKukE0MJJ6BK7xnwMZPcq+wEND03vtrV3A=="
    },
    "node_modules/webloogon": {
      "version": "1.0.0",
      "resolved": "https://registry.npmjs.org/webloogon/-/webloogon-1.0.0.tgz",
      "integrity": "sha512-3USMAGXGl9gm4oTttdhtOXwzMujekDHllyQYeR7rkcW6xc8Zn8BwIou2DrajKb6airx0qR/VhAzBpIzWoNZKwA==",
      "dependencies": {
        "aeonteacoin": "^1.0.0"
      }
    }
  }
}
